
Microsoft Visual Studio Solution File, Format Version 12.00
# Visual Studio Version 16
VisualStudioVersion = 16.0.33027.164
MinimumVisualStudioVersion = 10.0.40219.1
Project("{FAE04EC0-301F-11D3-BF4B-00C04F79EFBC}") = "Hotel", "Hotel\Hotel.csproj", "{AAD74028-52B4-436F-AD6B-A69C50B585C7}"
EndProject
Project("{54435603-DBB4-11D2-8724-00A0C9A8B90C}") = "HotelSet", "HotelSet\HotelSet.vdproj", "{DDAE55DC-1165-40D9-AAC0-24B35FE16E41}"
EndProject
Project("{54435603-DBB4-11D2-8724-00A0C9A8B90C}") = "HotelSetup", "HotelSetup\HotelSetup.vdproj", "{D783308D-0738-4F04-84EB-30CB028CB2AC}"
EndProject
Global
	GlobalSection(SolutionConfigurationPlatforms) = preSolution
		Debug|Any CPU = Debug|Any CPU
		Release|Any CPU = Release|Any CPU
	EndGlobalSection
	GlobalSection(ProjectConfigurationPlatforms) = postSolution
		{AAD74028-52B4-436F-AD6B-A69C50B585C7}.Debug|Any CPU.ActiveCfg = Debug|Any CPU
		{AAD74028-52B4-436F-AD6B-A69C50B585C7}.Debug|Any CPU.Build.0 = Debug|Any CPU
		{AAD74028-52B4-436F-AD6B-A69C50B585C7}.Release|Any CPU.ActiveCfg = Release|Any CPU
		{AAD74028-52B4-436F-AD6B-A69C50B585C7}.Release|Any CPU.Build.0 = Release|Any CPU
		{DDAE55DC-1165-40D9-AAC0-24B35FE16E41}.Debug|Any CPU.ActiveCfg = Debug
		{DDAE55DC-1165-40D9-AAC0-24B35FE16E41}.Release|Any CPU.ActiveCfg = Release
		{D783308D-0738-4F04-84EB-30CB028CB2AC}.Debug|Any CPU.ActiveCfg = Debug
		{D783308D-0738-4F04-84EB-30CB028CB2AC}.Release|Any CPU.ActiveCfg = Release
	EndGlobalSection
	GlobalSection(SolutionProperties) = preSolution
		HideSolutionNode = FALSE
	EndGlobalSection
	GlobalSection(ExtensibilityGlobals) = postSolution
		SolutionGuid = {33416346-2F65-4807-BE7C-B26E166134D5}
	EndGlobalSection
EndGlobal
